
Microsoft Visual Studio Solution File, Format Version 12.00
# Visual Studio 2012
Project("{FAE04EC0-301F-11D3-BF4B-00C04F79EFBC}") = "DominoService", "DominoService\DominoService.csproj", "{31EB57AF-D8FA-4CE5-A412-0676CF62B423}"
EndProject
Project("{FAE04EC0-301F-11D3-BF4B-00C04F79EFBC}") = "DominoCliente", "DominoCliente\DominoCliente.csproj", "{9FFE413D-DF5C-437E-8CF1-8B3489E31E2C}"
EndProject
Project("{2150E333-8FDC-42A3-9474-1A3956D46DE8}") = "Cliente", "Cliente", "{FF38C72D-DC0A-4EB0-B092-1DA24260F5A4}"
EndProject
Project("{2150E333-8FDC-42A3-9474-1A3956D46DE8}") = "Servidor", "Servidor", "{BB1C44A3-CAF0-40A7-B6AB-94E02A948855}"
EndProject
Project("{FAE04EC0-301F-11D3-BF4B-00C04F79EFBC}") = "DominoServiceTest", "DominoServiceTest\DominoServiceTest.csproj", "{330A87F4-6B2B-421D-8A06-20B4605D4404}"
EndProject
Global
	GlobalSection(TeamFoundationVersionControl) = preSolution
		SccNumberOfProjects = 4
		SccEnterpriseProvider = {4CA58AB2-18FA-4F8D-95D4-32DDF27D184C}
		SccTeamFoundationServer = http://agile.sel.inf.uc3m.es:8080/tfs/tads2015
		SccLocalPath0 = .
		SccProjectUniqueName1 = DominoCliente\\DominoCliente.csproj
		SccProjectTopLevelParentUniqueName1 = Domino-TADS.sln
		SccProjectName1 = DominoCliente
		SccLocalPath1 = DominoCliente
		SccProjectUniqueName2 = DominoService\\DominoService.csproj
		SccProjectTopLevelParentUniqueName2 = Domino-TADS.sln
		SccProjectName2 = DominoService
		SccLocalPath2 = DominoService
		SccProjectUniqueName3 = DominoServiceTest\\DominoServiceTest.csproj
		SccProjectTopLevelParentUniqueName3 = Domino-TADS.sln
		SccProjectName3 = DominoServiceTest
		SccLocalPath3 = DominoServiceTest
	EndGlobalSection
	GlobalSection(SolutionConfigurationPlatforms) = preSolution
		Debug|Any CPU = Debug|Any CPU
		Release|Any CPU = Release|Any CPU
	EndGlobalSection
	GlobalSection(ProjectConfigurationPlatforms) = postSolution
		{31EB57AF-D8FA-4CE5-A412-0676CF62B423}.Debug|Any CPU.ActiveCfg = Debug|Any CPU
		{31EB57AF-D8FA-4CE5-A412-0676CF62B423}.Debug|Any CPU.Build.0 = Debug|Any CPU
		{31EB57AF-D8FA-4CE5-A412-0676CF62B423}.Release|Any CPU.ActiveCfg = Release|Any CPU
		{31EB57AF-D8FA-4CE5-A412-0676CF62B423}.Release|Any CPU.Build.0 = Release|Any CPU
		{9FFE413D-DF5C-437E-8CF1-8B3489E31E2C}.Debug|Any CPU.ActiveCfg = Debug|Any CPU
		{9FFE413D-DF5C-437E-8CF1-8B3489E31E2C}.Debug|Any CPU.Build.0 = Debug|Any CPU
		{9FFE413D-DF5C-437E-8CF1-8B3489E31E2C}.Release|Any CPU.ActiveCfg = Release|Any CPU
		{9FFE413D-DF5C-437E-8CF1-8B3489E31E2C}.Release|Any CPU.Build.0 = Release|Any CPU
		{330A87F4-6B2B-421D-8A06-20B4605D4404}.Debug|Any CPU.ActiveCfg = Debug|Any CPU
		{330A87F4-6B2B-421D-8A06-20B4605D4404}.Debug|Any CPU.Build.0 = Debug|Any CPU
		{330A87F4-6B2B-421D-8A06-20B4605D4404}.Release|Any CPU.ActiveCfg = Release|Any CPU
		{330A87F4-6B2B-421D-8A06-20B4605D4404}.Release|Any CPU.Build.0 = Release|Any CPU
	EndGlobalSection
	GlobalSection(SolutionProperties) = preSolution
		HideSolutionNode = FALSE
	EndGlobalSection
	GlobalSection(NestedProjects) = preSolution
		{9FFE413D-DF5C-437E-8CF1-8B3489E31E2C} = {FF38C72D-DC0A-4EB0-B092-1DA24260F5A4}
		{31EB57AF-D8FA-4CE5-A412-0676CF62B423} = {BB1C44A3-CAF0-40A7-B6AB-94E02A948855}
		{330A87F4-6B2B-421D-8A06-20B4605D4404} = {BB1C44A3-CAF0-40A7-B6AB-94E02A948855}
	EndGlobalSection
EndGlobal
